
Microsoft Visual Studio Solution File, Format Version 12.00
# Visual Studio Version 16
VisualStudioVersion = 16.0.29609.76
MinimumVisualStudioVersion = 10.0.40219.1
Project("{FAE04EC0-301F-11D3-BF4B-00C04F79EFBC}") = "AlytaloMVC", "AlytaloMVC\AlytaloMVC.csproj", "{1D67D146-02BC-4F01-BAE5-D99CEDC62735}"
EndProject
Global
	GlobalSection(SolutionConfigurationPlatforms) = preSolution
		Debug|Any CPU = Debug|Any CPU
		Release|Any CPU = Release|Any CPU
	EndGlobalSection
	GlobalSection(ProjectConfigurationPlatforms) = postSolution
		{1D67D146-02BC-4F01-BAE5-D99CEDC62735}.Debug|Any CPU.ActiveCfg = Debug|Any CPU
		{1D67D146-02BC-4F01-BAE5-D99CEDC62735}.Debug|Any CPU.Build.0 = Debug|Any CPU
		{1D67D146-02BC-4F01-BAE5-D99CEDC62735}.Release|Any CPU.ActiveCfg = Release|Any CPU
		{1D67D146-02BC-4F01-BAE5-D99CEDC62735}.Release|Any CPU.Build.0 = Release|Any CPU
	EndGlobalSection
	GlobalSection(SolutionProperties) = preSolution
		HideSolutionNode = FALSE
	EndGlobalSection
	GlobalSection(ExtensibilityGlobals) = postSolution
		SolutionGuid = {FF5CB71D-A613-4E2D-B92E-08BA34BD2D10}
	EndGlobalSection
EndGlobal
